
Microsoft Visual Studio Solution File, Format Version 12.00
# Visual Studio 2012
Project("{2150E333-8FDC-42A3-9474-1A3956D46DE8}") = "0 - Domain", "0 - Domain", "{96C00F27-E76A-4FE8-AAAB-4F11846515C9}"
EndProject
Project("{2150E333-8FDC-42A3-9474-1A3956D46DE8}") = "1 - Tests", "1 - Tests", "{556F3236-D4C4-4B98-9351-4871E1E04F6B}"
EndProject
Project("{2150E333-8FDC-42A3-9474-1A3956D46DE8}") = "2 - Infra", "2 - Infra", "{CEE74421-1223-4A8E-A520-CB06297B2C86}"
EndProject
Project("{2150E333-8FDC-42A3-9474-1A3956D46DE8}") = "4 - API", "4 - API", "{7CAFDE70-505F-4059-8969-02C6D870E413}"
EndProject
Project("{2150E333-8FDC-42A3-9474-1A3956D46DE8}") = "2.1 - Data", "2.1 - Data", "{74160AB9-6D9E-4D4A-A1E8-9CA52A72961C}"
EndProject
Project("{2150E333-8FDC-42A3-9474-1A3956D46DE8}") = "5 - Presentation", "5 - Presentation", "{72874438-E051-48FD-8421-C7046C6B15DF}"
EndProject
Project("{2150E333-8FDC-42A3-9474-1A3956D46DE8}") = "3 - Application", "3 - Application", "{2A50D3DB-D804-4612-B1DE-4878B2775799}"
EndProject
Project("{FAE04EC0-301F-11D3-BF4B-00C04F79EFBC}") = "Fantasy.FastPay.Domain", "Fantasy.FastPay.Domain\Fantasy.FastPay.Domain.csproj", "{B3B3BB14-8D83-4F35-A42C-BBA25B5FCFA2}"
EndProject
Project("{FAE04EC0-301F-11D3-BF4B-00C04F79EFBC}") = "Fantasy.FastPay.Tests", "Fantasy.FastPay.Tests\Fantasy.FastPay.Tests.csproj", "{BA1616A8-0777-4A2A-9B8C-132662FC2403}"
EndProject
Global
	GlobalSection(SolutionConfigurationPlatforms) = preSolution
		Debug|Any CPU = Debug|Any CPU
		Release|Any CPU = Release|Any CPU
	EndGlobalSection
	GlobalSection(ProjectConfigurationPlatforms) = postSolution
		{B3B3BB14-8D83-4F35-A42C-BBA25B5FCFA2}.Debug|Any CPU.ActiveCfg = Debug|Any CPU
		{B3B3BB14-8D83-4F35-A42C-BBA25B5FCFA2}.Debug|Any CPU.Build.0 = Debug|Any CPU
		{B3B3BB14-8D83-4F35-A42C-BBA25B5FCFA2}.Release|Any CPU.ActiveCfg = Release|Any CPU
		{B3B3BB14-8D83-4F35-A42C-BBA25B5FCFA2}.Release|Any CPU.Build.0 = Release|Any CPU
		{BA1616A8-0777-4A2A-9B8C-132662FC2403}.Debug|Any CPU.ActiveCfg = Debug|Any CPU
		{BA1616A8-0777-4A2A-9B8C-132662FC2403}.Debug|Any CPU.Build.0 = Debug|Any CPU
		{BA1616A8-0777-4A2A-9B8C-132662FC2403}.Release|Any CPU.ActiveCfg = Release|Any CPU
		{BA1616A8-0777-4A2A-9B8C-132662FC2403}.Release|Any CPU.Build.0 = Release|Any CPU
	EndGlobalSection
	GlobalSection(SolutionProperties) = preSolution
		HideSolutionNode = FALSE
	EndGlobalSection
	GlobalSection(NestedProjects) = preSolution
		{B3B3BB14-8D83-4F35-A42C-BBA25B5FCFA2} = {96C00F27-E76A-4FE8-AAAB-4F11846515C9}
		{BA1616A8-0777-4A2A-9B8C-132662FC2403} = {556F3236-D4C4-4B98-9351-4871E1E04F6B}
		{74160AB9-6D9E-4D4A-A1E8-9CA52A72961C} = {CEE74421-1223-4A8E-A520-CB06297B2C86}
	EndGlobalSection
EndGlobal
