
Microsoft Visual Studio Solution File, Format Version 12.00
# Visual Studio 2012
Project("{2150E333-8FDC-42A3-9474-1A3956D46DE8}") = "0 - Domain", "0 - Domain", "{96C00F27-E76A-4FE8-AAAB-4F11846515C9}"
EndProject
Project("{2150E333-8FDC-42A3-9474-1A3956D46DE8}") = "1 - Tests", "1 - Tests", "{556F3236-D4C4-4B98-9351-4871E1E04F6B}"
EndProject
Project("{2150E333-8FDC-42A3-9474-1A3956D46DE8}") = "2 - Infra", "2 - Infra", "{CEE74421-1223-4A8E-A520-CB06297B2C86}"
EndProject
Project("{2150E333-8FDC-42A3-9474-1A3956D46DE8}") = "4 - API", "4 - API", "{7CAFDE70-505F-4059-8969-02C6D870E413}"
EndProject
Project("{2150E333-8FDC-42A3-9474-1A3956D46DE8}") = "2.1 - Data", "2.1 - Data", "{74160AB9-6D9E-4D4A-A1E8-9CA52A72961C}"
EndProject
Project("{2150E333-8FDC-42A3-9474-1A3956D46DE8}") = "5 - Presentation", "5 - Presentation", "{72874438-E051-48FD-8421-C7046C6B15DF}"
EndProject
Project("{2150E333-8FDC-42A3-9474-1A3956D46DE8}") = "3 - Application", "3 - Application", "{2A50D3DB-D804-4612-B1DE-4878B2775799}"
EndProject
Project("{FAE04EC0-301F-11D3-BF4B-00C04F79EFBC}") = "Fantasy.FastPay.Domain", "Fantasy.FastPay.Domain\Fantasy.FastPay.Domain.csproj", "{B3B3BB14-8D83-4F35-A42C-BBA25B5FCFA2}"
EndProject
Project("{FAE04EC0-301F-11D3-BF4B-00C04F79EFBC}") = "Fantasy.FastPay.Tests", "Fantasy.FastPay.Tests\Fantasy.FastPay.Tests.csproj", "{BA1616A8-0777-4A2A-9B8C-132662FC2403}"
EndProject
Project("{2150E333-8FDC-42A3-9474-1A3956D46DE8}") = "5.1 - Web", "5.1 - Web", "{E4B0A0AC-4717-486A-88B5-8AB7A012059E}"
EndProject
Project("{2150E333-8FDC-42A3-9474-1A3956D46DE8}") = "5.2 - Mobile", "5.2 - Mobile", "{3A570312-2812-4675-A3A4-76CDF4743379}"
EndProject
Project("{FAE04EC0-301F-11D3-BF4B-00C04F79EFBC}") = "Fantasy.FastPay.Web", "Fantasy.FastPay.Web\Fantasy.FastPay.Web.csproj", "{8EDAA4A7-4051-4942-921D-09BDE6184227}"
	ProjectSection(ProjectDependencies) = postProject
		{C28E8F5B-92F7-4AF8-A5E6-56530527A7F9} = {C28E8F5B-92F7-4AF8-A5E6-56530527A7F9}
	EndProjectSection
EndProject
Project("{FAE04EC0-301F-11D3-BF4B-00C04F79EFBC}") = "Fantasy.FastPay.Infra.Data", "Fantasy.FastPay.Infra.Data\Fantasy.FastPay.Infra.Data.csproj", "{93EE7C41-1BD3-4DE6-A4CB-1C62711B3413}"
EndProject
Project("{FAE04EC0-301F-11D3-BF4B-00C04F79EFBC}") = "Fantasy.FastPay.Application", "Fantasy.FastPay.Application\Fantasy.FastPay.Application.csproj", "{C28E8F5B-92F7-4AF8-A5E6-56530527A7F9}"
EndProject
Project("{FAE04EC0-301F-11D3-BF4B-00C04F79EFBC}") = "Fantasy.FastPay.API", "Fantasy.FastPay.API\Fantasy.FastPay.API.csproj", "{9322F5BD-8FBE-488E-AF6B-2A129703DA5B}"
EndProject
Project("{2150E333-8FDC-42A3-9474-1A3956D46DE8}") = "2.2 - CrossCutting", "2.2 - CrossCutting", "{A90A6490-F79D-4D56-AF91-CC0669B04A93}"
EndProject
Project("{FAE04EC0-301F-11D3-BF4B-00C04F79EFBC}") = "Fantasy.FastPay.Infra.CrossCutting.Excel", "Fantasy.FastPay.Infra.CrossCutting.Excel\Fantasy.FastPay.Infra.CrossCutting.Excel.csproj", "{97EC0D3B-BDD5-4E7E-9A71-58C84215FAC6}"
EndProject
Project("{FAE04EC0-301F-11D3-BF4B-00C04F79EFBC}") = "Fantasy.FastPay.Infra.CrossCutting.Ioc", "Fantasy.FastPay.Infra.CrossCutting.Ioc\Fantasy.FastPay.Infra.CrossCutting.Ioc.csproj", "{8651A1D7-9CD8-49E7-92E8-1020EDD7540C}"
EndProject
Global
	GlobalSection(SolutionConfigurationPlatforms) = preSolution
		Debug|Any CPU = Debug|Any CPU
		Release|Any CPU = Release|Any CPU
	EndGlobalSection
	GlobalSection(ProjectConfigurationPlatforms) = postSolution
		{B3B3BB14-8D83-4F35-A42C-BBA25B5FCFA2}.Debug|Any CPU.ActiveCfg = Debug|Any CPU
		{B3B3BB14-8D83-4F35-A42C-BBA25B5FCFA2}.Debug|Any CPU.Build.0 = Debug|Any CPU
		{B3B3BB14-8D83-4F35-A42C-BBA25B5FCFA2}.Release|Any CPU.ActiveCfg = Release|Any CPU
		{B3B3BB14-8D83-4F35-A42C-BBA25B5FCFA2}.Release|Any CPU.Build.0 = Release|Any CPU
		{BA1616A8-0777-4A2A-9B8C-132662FC2403}.Debug|Any CPU.ActiveCfg = Debug|Any CPU
		{BA1616A8-0777-4A2A-9B8C-132662FC2403}.Debug|Any CPU.Build.0 = Debug|Any CPU
		{BA1616A8-0777-4A2A-9B8C-132662FC2403}.Release|Any CPU.ActiveCfg = Release|Any CPU
		{BA1616A8-0777-4A2A-9B8C-132662FC2403}.Release|Any CPU.Build.0 = Release|Any CPU
		{8EDAA4A7-4051-4942-921D-09BDE6184227}.Debug|Any CPU.ActiveCfg = Debug|Any CPU
		{8EDAA4A7-4051-4942-921D-09BDE6184227}.Debug|Any CPU.Build.0 = Debug|Any CPU
		{8EDAA4A7-4051-4942-921D-09BDE6184227}.Release|Any CPU.ActiveCfg = Release|Any CPU
		{8EDAA4A7-4051-4942-921D-09BDE6184227}.Release|Any CPU.Build.0 = Release|Any CPU
		{93EE7C41-1BD3-4DE6-A4CB-1C62711B3413}.Debug|Any CPU.ActiveCfg = Debug|Any CPU
		{93EE7C41-1BD3-4DE6-A4CB-1C62711B3413}.Debug|Any CPU.Build.0 = Debug|Any CPU
		{93EE7C41-1BD3-4DE6-A4CB-1C62711B3413}.Release|Any CPU.ActiveCfg = Release|Any CPU
		{93EE7C41-1BD3-4DE6-A4CB-1C62711B3413}.Release|Any CPU.Build.0 = Release|Any CPU
		{C28E8F5B-92F7-4AF8-A5E6-56530527A7F9}.Debug|Any CPU.ActiveCfg = Debug|Any CPU
		{C28E8F5B-92F7-4AF8-A5E6-56530527A7F9}.Debug|Any CPU.Build.0 = Debug|Any CPU
		{C28E8F5B-92F7-4AF8-A5E6-56530527A7F9}.Release|Any CPU.ActiveCfg = Release|Any CPU
		{C28E8F5B-92F7-4AF8-A5E6-56530527A7F9}.Release|Any CPU.Build.0 = Release|Any CPU
		{9322F5BD-8FBE-488E-AF6B-2A129703DA5B}.Debug|Any CPU.ActiveCfg = Debug|Any CPU
		{9322F5BD-8FBE-488E-AF6B-2A129703DA5B}.Debug|Any CPU.Build.0 = Debug|Any CPU
		{9322F5BD-8FBE-488E-AF6B-2A129703DA5B}.Release|Any CPU.ActiveCfg = Release|Any CPU
		{9322F5BD-8FBE-488E-AF6B-2A129703DA5B}.Release|Any CPU.Build.0 = Release|Any CPU
		{97EC0D3B-BDD5-4E7E-9A71-58C84215FAC6}.Debug|Any CPU.ActiveCfg = Debug|Any CPU
		{97EC0D3B-BDD5-4E7E-9A71-58C84215FAC6}.Debug|Any CPU.Build.0 = Debug|Any CPU
		{97EC0D3B-BDD5-4E7E-9A71-58C84215FAC6}.Release|Any CPU.ActiveCfg = Release|Any CPU
		{97EC0D3B-BDD5-4E7E-9A71-58C84215FAC6}.Release|Any CPU.Build.0 = Release|Any CPU
		{8651A1D7-9CD8-49E7-92E8-1020EDD7540C}.Debug|Any CPU.ActiveCfg = Debug|Any CPU
		{8651A1D7-9CD8-49E7-92E8-1020EDD7540C}.Debug|Any CPU.Build.0 = Debug|Any CPU
		{8651A1D7-9CD8-49E7-92E8-1020EDD7540C}.Release|Any CPU.ActiveCfg = Release|Any CPU
		{8651A1D7-9CD8-49E7-92E8-1020EDD7540C}.Release|Any CPU.Build.0 = Release|Any CPU
	EndGlobalSection
	GlobalSection(SolutionProperties) = preSolution
		HideSolutionNode = FALSE
	EndGlobalSection
	GlobalSection(NestedProjects) = preSolution
		{B3B3BB14-8D83-4F35-A42C-BBA25B5FCFA2} = {96C00F27-E76A-4FE8-AAAB-4F11846515C9}
		{BA1616A8-0777-4A2A-9B8C-132662FC2403} = {556F3236-D4C4-4B98-9351-4871E1E04F6B}
		{74160AB9-6D9E-4D4A-A1E8-9CA52A72961C} = {CEE74421-1223-4A8E-A520-CB06297B2C86}
		{A90A6490-F79D-4D56-AF91-CC0669B04A93} = {CEE74421-1223-4A8E-A520-CB06297B2C86}
		{9322F5BD-8FBE-488E-AF6B-2A129703DA5B} = {7CAFDE70-505F-4059-8969-02C6D870E413}
		{93EE7C41-1BD3-4DE6-A4CB-1C62711B3413} = {74160AB9-6D9E-4D4A-A1E8-9CA52A72961C}
		{E4B0A0AC-4717-486A-88B5-8AB7A012059E} = {72874438-E051-48FD-8421-C7046C6B15DF}
		{3A570312-2812-4675-A3A4-76CDF4743379} = {72874438-E051-48FD-8421-C7046C6B15DF}
		{C28E8F5B-92F7-4AF8-A5E6-56530527A7F9} = {2A50D3DB-D804-4612-B1DE-4878B2775799}
		{8EDAA4A7-4051-4942-921D-09BDE6184227} = {E4B0A0AC-4717-486A-88B5-8AB7A012059E}
		{97EC0D3B-BDD5-4E7E-9A71-58C84215FAC6} = {A90A6490-F79D-4D56-AF91-CC0669B04A93}
		{8651A1D7-9CD8-49E7-92E8-1020EDD7540C} = {A90A6490-F79D-4D56-AF91-CC0669B04A93}
	EndGlobalSection
EndGlobal
